
Microsoft Visual Studio Solution File, Format Version 12.00
# Visual Studio Version 17
VisualStudioVersion = 17.5.002.0
MinimumVisualStudioVersion = 10.0.40219.1
Project("{2150E333-8FDC-42A3-9474-1A3956D46DE8}") = "ejercicio4", "ejercicio4", "{9AD02C37-C1CA-4315-A2B8-FE9447BF503E}"
EndProject
Project("{9A19103F-16F7-4668-BE54-9A1E7A4F7556}") = "ProyectoTemporal", "ejercicio4\ProyectoTemporal\ProyectoTemporal.csproj", "{82CC282B-9135-4763-B3F5-F2C99C30BED3}"
EndProject
Global
	GlobalSection(SolutionConfigurationPlatforms) = preSolution
		Debug|Any CPU = Debug|Any CPU
		Release|Any CPU = Release|Any CPU
	EndGlobalSection
	GlobalSection(ProjectConfigurationPlatforms) = postSolution
		{82CC282B-9135-4763-B3F5-F2C99C30BED3}.Debug|Any CPU.ActiveCfg = Debug|Any CPU
		{82CC282B-9135-4763-B3F5-F2C99C30BED3}.Debug|Any CPU.Build.0 = Debug|Any CPU
		{82CC282B-9135-4763-B3F5-F2C99C30BED3}.Release|Any CPU.ActiveCfg = Release|Any CPU
		{82CC282B-9135-4763-B3F5-F2C99C30BED3}.Release|Any CPU.Build.0 = Release|Any CPU
	EndGlobalSection
	GlobalSection(SolutionProperties) = preSolution
		HideSolutionNode = FALSE
	EndGlobalSection
	GlobalSection(NestedProjects) = preSolution
		{82CC282B-9135-4763-B3F5-F2C99C30BED3} = {9AD02C37-C1CA-4315-A2B8-FE9447BF503E}
	EndGlobalSection
	GlobalSection(ExtensibilityGlobals) = postSolution
		SolutionGuid = {9BF8DA5A-AC24-43C9-8762-D67448739B77}
	EndGlobalSection
EndGlobal
